
Microsoft Visual Studio Solution File, Format Version 12.00
# Visual Studio Version 17
VisualStudioVersion = 17.3.32929.385
MinimumVisualStudioVersion = 10.0.40219.1
Project("{FAE04EC0-301F-11D3-BF4B-00C04F79EFBC}") = "Exception Handling", "Exception Handling\Exception Handling.csproj", "{6FC85AB7-4324-47FD-9447-8BFAB9CBD44A}"
EndProject
Global
	GlobalSection(SolutionConfigurationPlatforms) = preSolution
		Debug|Any CPU = Debug|Any CPU
		Release|Any CPU = Release|Any CPU
	EndGlobalSection
	GlobalSection(ProjectConfigurationPlatforms) = postSolution
		{6FC85AB7-4324-47FD-9447-8BFAB9CBD44A}.Debug|Any CPU.ActiveCfg = Debug|Any CPU
		{6FC85AB7-4324-47FD-9447-8BFAB9CBD44A}.Debug|Any CPU.Build.0 = Debug|Any CPU
		{6FC85AB7-4324-47FD-9447-8BFAB9CBD44A}.Release|Any CPU.ActiveCfg = Release|Any CPU
		{6FC85AB7-4324-47FD-9447-8BFAB9CBD44A}.Release|Any CPU.Build.0 = Release|Any CPU
	EndGlobalSection
	GlobalSection(SolutionProperties) = preSolution
		HideSolutionNode = FALSE
	EndGlobalSection
	GlobalSection(ExtensibilityGlobals) = postSolution
		SolutionGuid = {C76CD2E1-9A7C-427B-AA62-9281A8CAFF5A}
	EndGlobalSection
EndGlobal
